
Microsoft Visual Studio Solution File, Format Version 12.00
# Visual Studio Version 17
VisualStudioVersion = 17.9.34607.119
MinimumVisualStudioVersion = 10.0.40219.1
Project("{FAE04EC0-301F-11D3-BF4B-00C04F79EFBC}") = "TODO-Master", "TODO-Master.csproj", "{BC384828-A338-48C5-A9CD-9FA3AAD8BEEF}"
EndProject
Global
	GlobalSection(SolutionConfigurationPlatforms) = preSolution
		Debug|Any CPU = Debug|Any CPU
		Release|Any CPU = Release|Any CPU
	EndGlobalSection
	GlobalSection(ProjectConfigurationPlatforms) = postSolution
		{BC384828-A338-48C5-A9CD-9FA3AAD8BEEF}.Debug|Any CPU.ActiveCfg = Debug|Any CPU
		{BC384828-A338-48C5-A9CD-9FA3AAD8BEEF}.Debug|Any CPU.Build.0 = Debug|Any CPU
		{BC384828-A338-48C5-A9CD-9FA3AAD8BEEF}.Release|Any CPU.ActiveCfg = Release|Any CPU
		{BC384828-A338-48C5-A9CD-9FA3AAD8BEEF}.Release|Any CPU.Build.0 = Release|Any CPU
	EndGlobalSection
	GlobalSection(SolutionProperties) = preSolution
		HideSolutionNode = FALSE
	EndGlobalSection
	GlobalSection(ExtensibilityGlobals) = postSolution
		SolutionGuid = {218B94DA-7798-4F48-A3E8-4DD93FF6D087}
	EndGlobalSection
EndGlobal
